{
  "name": "player-viz-tool",
  "lockfileVersion": 3,
  "requires": true,
  "packages": {
    "": {
      "dependencies": {
        "parquet-wasm": "^0.7.1"
      }
    },
    "node_modules/parquet-wasm": {
      "version": "0.7.1",
      "resolved": "https://registry.npmjs.org/parquet-wasm/-/parquet-wasm-0.7.1.tgz",
      "integrity": "sha512-fjEGpMApzt3mpI2pUxdRgQGu5G+s4nr0vm5xn43JO7jxdYzzu2fHrVrTHtfeEhtB6vfvTzJBz0WydDYzLWvszQ==",
      "license": "MIT OR Apache-2.0"
    }
  }
}
